# THIS IS AN AUTOGENERATED FILE. DO NOT EDIT THIS FILE DIRECTLY.
# yarn lockfile v1


"@types/three@^0.103.2":
  version "0.103.2"
  resolved "https://registry.npmjs.org/@types/three/-/three-0.103.2.tgz#f7d49130001c551941a0ded757def810579aafc4"
  dependencies:
    three "*"

three@*:
  version "0.111.0"
  resolved "https://registry.npmjs.org/three/-/three-0.111.0.tgz#9cedb73e79b7f6bf2440cb67a273f883faa923b6"
