# THIS IS AN AUTOGENERATED FILE. DO NOT EDIT THIS FILE DIRECTLY.
# yarn lockfile v1


"@types/three@^0.103.2":
  version "0.103.2"
  resolved "https://registry.npmjs.org/@types/three/-/three-0.103.2.tgz#f7d49130001c551941a0ded757def810579aafc4"
  dependencies:
    three "*"

three@*:
  version "0.152.2"
  resolved "https://registry.yarnpkg.com/three/-/three-0.152.2.tgz#2ee0f2c504d31a4bc29b45495c12bded9fda7bfc"
